
Microsoft Visual Studio Solution File, Format Version 12.00
# Visual Studio Version 17
VisualStudioVersion = 17.6.33723.286
MinimumVisualStudioVersion = 10.0.40219.1
Project("{FAE04EC0-301F-11D3-BF4B-00C04F79EFBC}") = "LoginPage-NZ", "LoginPage-NZ\LoginPage-NZ.csproj", "{5AE8B3FD-4A60-44E8-9999-9098EF03671D}"
EndProject
Global
	GlobalSection(SolutionConfigurationPlatforms) = preSolution
		Debug|Any CPU = Debug|Any CPU
		Release|Any CPU = Release|Any CPU
	EndGlobalSection
	GlobalSection(ProjectConfigurationPlatforms) = postSolution
		{5AE8B3FD-4A60-44E8-9999-9098EF03671D}.Debug|Any CPU.ActiveCfg = Debug|Any CPU
		{5AE8B3FD-4A60-44E8-9999-9098EF03671D}.Debug|Any CPU.Build.0 = Debug|Any CPU
		{5AE8B3FD-4A60-44E8-9999-9098EF03671D}.Release|Any CPU.ActiveCfg = Release|Any CPU
		{5AE8B3FD-4A60-44E8-9999-9098EF03671D}.Release|Any CPU.Build.0 = Release|Any CPU
	EndGlobalSection
	GlobalSection(SolutionProperties) = preSolution
		HideSolutionNode = FALSE
	EndGlobalSection
	GlobalSection(ExtensibilityGlobals) = postSolution
		SolutionGuid = {49DEE83A-55FA-41B5-BA0B-B8865658EA0B}
	EndGlobalSection
EndGlobal
